
Microsoft Visual Studio Solution File, Format Version 12.00
# Visual Studio 2012
Project("{FAE04EC0-301F-11D3-BF4B-00C04F79EFBC}") = "VerticaConnectionIssues", "VerticaConnectionIssues\VerticaConnectionIssues.csproj", "{CE0D0F2D-1AC7-47D5-A8DD-DC2D0A24DF7A}"
EndProject
Project("{2150E333-8FDC-42A3-9474-1A3956D46DE8}") = ".nuget", ".nuget", "{089CD921-1CEC-49F2-8F6E-6685D440F74A}"
	ProjectSection(SolutionItems) = preProject
		.nuget\packages.config = .nuget\packages.config
	EndProjectSection
EndProject
Global
	GlobalSection(SolutionConfigurationPlatforms) = preSolution
		Debug|Any CPU = Debug|Any CPU
		Release|Any CPU = Release|Any CPU
	EndGlobalSection
	GlobalSection(ProjectConfigurationPlatforms) = postSolution
		{CE0D0F2D-1AC7-47D5-A8DD-DC2D0A24DF7A}.Debug|Any CPU.ActiveCfg = Debug|Any CPU
		{CE0D0F2D-1AC7-47D5-A8DD-DC2D0A24DF7A}.Debug|Any CPU.Build.0 = Debug|Any CPU
		{CE0D0F2D-1AC7-47D5-A8DD-DC2D0A24DF7A}.Release|Any CPU.ActiveCfg = Release|Any CPU
		{CE0D0F2D-1AC7-47D5-A8DD-DC2D0A24DF7A}.Release|Any CPU.Build.0 = Release|Any CPU
	EndGlobalSection
	GlobalSection(SolutionProperties) = preSolution
		HideSolutionNode = FALSE
	EndGlobalSection
EndGlobal
